
Microsoft Visual Studio Solution File, Format Version 12.00
# Visual Studio Version 17
VisualStudioVersion = 17.0.31919.166
MinimumVisualStudioVersion = 10.0.40219.1
Project("{FAE04EC0-301F-11D3-BF4B-00C04F79EFBC}") = "BusinessRuleEngine", "BusinessRuleEngine\BusinessRuleEngine.csproj", "{4422C7CC-638C-4DCF-B7EE-02986BBA4955}"
EndProject
Project("{FAE04EC0-301F-11D3-BF4B-00C04F79EFBC}") = "BusinessRuleEngineTest", "BusinessRuleEngineTest\BusinessRuleEngineTest.csproj", "{C73DD22D-F0E6-4B87-A551-16B5FC68EDDF}"
EndProject
Global
	GlobalSection(SolutionConfigurationPlatforms) = preSolution
		Debug|Any CPU = Debug|Any CPU
		Release|Any CPU = Release|Any CPU
	EndGlobalSection
	GlobalSection(ProjectConfigurationPlatforms) = postSolution
		{4422C7CC-638C-4DCF-B7EE-02986BBA4955}.Debug|Any CPU.ActiveCfg = Debug|Any CPU
		{4422C7CC-638C-4DCF-B7EE-02986BBA4955}.Debug|Any CPU.Build.0 = Debug|Any CPU
		{4422C7CC-638C-4DCF-B7EE-02986BBA4955}.Release|Any CPU.ActiveCfg = Release|Any CPU
		{4422C7CC-638C-4DCF-B7EE-02986BBA4955}.Release|Any CPU.Build.0 = Release|Any CPU
		{C73DD22D-F0E6-4B87-A551-16B5FC68EDDF}.Debug|Any CPU.ActiveCfg = Debug|Any CPU
		{C73DD22D-F0E6-4B87-A551-16B5FC68EDDF}.Debug|Any CPU.Build.0 = Debug|Any CPU
		{C73DD22D-F0E6-4B87-A551-16B5FC68EDDF}.Release|Any CPU.ActiveCfg = Release|Any CPU
		{C73DD22D-F0E6-4B87-A551-16B5FC68EDDF}.Release|Any CPU.Build.0 = Release|Any CPU
	EndGlobalSection
	GlobalSection(SolutionProperties) = preSolution
		HideSolutionNode = FALSE
	EndGlobalSection
	GlobalSection(ExtensibilityGlobals) = postSolution
		SolutionGuid = {706996B7-0635-41C1-A05B-B28A3AED17B6}
	EndGlobalSection
EndGlobal
